{
	"format_version": "1.2",
	"terraform_version": "1.9.4",
	"planned_values": {
		"root_module": {
			"resources": [
				{
					"address": "aws_db_event_subscription.default",
					"mode": "managed",
					"type": "aws_db_event_subscription",
					"name": "default",
					"provider_name": "registry.terraform.io/hashicorp/aws",
					"schema_version": 0,
					"values": {
						"enabled": true,
						"event_categories": [
							"availability",
							"deletion",
							"failover",
							"failure",
							"low storage",
							"maintenance",
							"notification",
							"read replica",
							"recovery",
							"restoration"
						],
						"name": "rds-event-sub",
						"source_type": "db-instance",
						"tags": null,
						"timeouts": null
					},
					"sensitive_values": {
						"event_categories": [
							false,
							false,
							false,
							false,
							false,
							false,
							false,
							false,
							false,
							false
						],
						"source_ids": [],
						"tags_all": {}
					}
				},
				{
					"address": "aws_rds_cluster.default",
					"mode": "managed",
					"type": "aws_rds_cluster",
					"name": "default",
					"provider_name": "registry.terraform.io/hashicorp/aws",
					"schema_version": 1,
					"values": {
						"allow_major_version_upgrade": null,
						"availability_zones": [
							"us-west-2a",
							"us-west-2b",
							"us-west-2c"
						],
						"backtrack_window": null,
						"backup_retention_period": 5,
						"cluster_identifier": "aurora-cluster-demo",
						"copy_tags_to_snapshot": false,
						"database_name": "mydb",
						"db_cluster_instance_class": null,
						"db_instance_parameter_group_name": null,
						"delete_automated_backups": true,
						"deletion_protection": null,
						"domain": null,
						"domain_iam_role_name": null,
						"enable_global_write_forwarding": false,
						"enable_http_endpoint": false,
						"enable_local_write_forwarding": false,
						"enabled_cloudwatch_logs_exports": null,
						"engine": "aurora-mysql",
						"engine_mode": "provisioned",
						"engine_version": "5.7.mysql_aurora.2.03.2",
						"final_snapshot_identifier": null,
						"global_cluster_identifier": null,
						"iam_database_authentication_enabled": null,
						"iops": null,
						"manage_master_user_password": null,
						"master_password": "must_be_eight_characters",
						"master_username": "foo",
						"performance_insights_enabled": null,
						"preferred_backup_window": "07:00-09:00",
						"replication_source_identifier": null,
						"restore_to_point_in_time": [],
						"s3_import": [],
						"scaling_configuration": [],
						"serverlessv2_scaling_configuration": [],
						"skip_final_snapshot": false,
						"snapshot_identifier": null,
						"source_region": null,
						"tags": null,
						"timeouts": null
					},
					"sensitive_values": {
						"availability_zones": [
							false,
							false,
							false
						],
						"cluster_members": [],
						"iam_roles": [],
						"master_password": true,
						"master_user_secret": [],
						"restore_to_point_in_time": [],
						"s3_import": [],
						"scaling_configuration": [],
						"serverlessv2_scaling_configuration": [],
						"tags_all": {},
						"vpc_security_group_ids": []
					}
				},
				{
					"address": "aws_sns_topic.default",
					"mode": "managed",
					"type": "aws_sns_topic",
					"name": "default",
					"provider_name": "registry.terraform.io/hashicorp/aws",
					"schema_version": 0,
					"values": {
						"application_failure_feedback_role_arn": null,
						"application_success_feedback_role_arn": null,
						"application_success_feedback_sample_rate": null,
						"archive_policy": null,
						"content_based_deduplication": false,
						"delivery_policy": null,
						"display_name": null,
						"fifo_topic": false,
						"firehose_failure_feedback_role_arn": null,
						"firehose_success_feedback_role_arn": null,
						"firehose_success_feedback_sample_rate": null,
						"http_failure_feedback_role_arn": null,
						"http_success_feedback_role_arn": null,
						"http_success_feedback_sample_rate": null,
						"kms_master_key_id": null,
						"lambda_failure_feedback_role_arn": null,
						"lambda_success_feedback_role_arn": null,
						"lambda_success_feedback_sample_rate": null,
						"name": "rds-events",
						"sqs_failure_feedback_role_arn": null,
						"sqs_success_feedback_role_arn": null,
						"sqs_success_feedback_sample_rate": null,
						"tags": null
					},
					"sensitive_values": {
						"tags_all": {}
					}
				}
			]
		}
	},
	"resource_changes": [
		{
			"address": "aws_db_event_subscription.default",
			"mode": "managed",
			"type": "aws_db_event_subscription",
			"name": "default",
			"provider_name": "registry.terraform.io/hashicorp/aws",
			"change": {
				"actions": [
					"create"
				],
				"before": null,
				"after": {
					"enabled": true,
					"event_categories": [
						"availability",
						"deletion",
						"failover",
						"failure",
						"low storage",
						"maintenance",
						"notification",
						"read replica",
						"recovery",
						"restoration"
					],
					"name": "rds-event-sub",
					"source_type": "db-instance",
					"tags": null,
					"timeouts": null
				},
				"after_unknown": {
					"arn": true,
					"customer_aws_id": true,
					"event_categories": [
						false,
						false,
						false,
						false,
						false,
						false,
						false,
						false,
						false,
						false
					],
					"id": true,
					"name_prefix": true,
					"sns_topic": true,
					"source_ids": true,
					"tags_all": true
				},
				"before_sensitive": false,
				"after_sensitive": {
					"event_categories": [
						false,
						false,
						false,
						false,
						false,
						false,
						false,
						false,
						false,
						false
					],
					"source_ids": [],
					"tags_all": {}
				}
			}
		},
		{
			"address": "aws_rds_cluster.default",
			"mode": "managed",
			"type": "aws_rds_cluster",
			"name": "default",
			"provider_name": "registry.terraform.io/hashicorp/aws",
			"change": {
				"actions": [
					"create"
				],
				"before": null,
				"after": {
					"allow_major_version_upgrade": null,
					"availability_zones": [
						"us-west-2a",
						"us-west-2b",
						"us-west-2c"
					],
					"backtrack_window": null,
					"backup_retention_period": 5,
					"cluster_identifier": "aurora-cluster-demo",
					"copy_tags_to_snapshot": false,
					"database_name": "mydb",
					"db_cluster_instance_class": null,
					"db_instance_parameter_group_name": null,
					"delete_automated_backups": true,
					"deletion_protection": null,
					"domain": null,
					"domain_iam_role_name": null,
					"enable_global_write_forwarding": false,
					"enable_http_endpoint": false,
					"enable_local_write_forwarding": false,
					"enabled_cloudwatch_logs_exports": null,
					"engine": "aurora-mysql",
					"engine_mode": "provisioned",
					"engine_version": "5.7.mysql_aurora.2.03.2",
					"final_snapshot_identifier": null,
					"global_cluster_identifier": null,
					"iam_database_authentication_enabled": null,
					"iops": null,
					"manage_master_user_password": null,
					"master_password": "must_be_eight_characters",
					"master_username": "foo",
					"performance_insights_enabled": null,
					"preferred_backup_window": "07:00-09:00",
					"replication_source_identifier": null,
					"restore_to_point_in_time": [],
					"s3_import": [],
					"scaling_configuration": [],
					"serverlessv2_scaling_configuration": [],
					"skip_final_snapshot": false,
					"snapshot_identifier": null,
					"source_region": null,
					"tags": null,
					"timeouts": null
				},
				"after_unknown": {
					"allocated_storage": true,
					"apply_immediately": true,
					"arn": true,
					"availability_zones": [
						false,
						false,
						false
					],
					"ca_certificate_identifier": true,
					"ca_certificate_valid_till": true,
					"cluster_identifier_prefix": true,
					"cluster_members": true,
					"cluster_resource_id": true,
					"db_cluster_parameter_group_name": true,
					"db_subnet_group_name": true,
					"db_system_id": true,
					"endpoint": true,
					"engine_lifecycle_support": true,
					"engine_version_actual": true,
					"hosted_zone_id": true,
					"iam_roles": true,
					"id": true,
					"kms_key_id": true,
					"master_user_secret": true,
					"master_user_secret_kms_key_id": true,
					"network_type": true,
					"performance_insights_kms_key_id": true,
					"performance_insights_retention_period": true,
					"port": true,
					"preferred_maintenance_window": true,
					"reader_endpoint": true,
					"restore_to_point_in_time": [],
					"s3_import": [],
					"scaling_configuration": [],
					"serverlessv2_scaling_configuration": [],
					"storage_encrypted": true,
					"storage_type": true,
					"tags_all": true,
					"vpc_security_group_ids": true
				},
				"before_sensitive": false,
				"after_sensitive": {
					"availability_zones": [
						false,
						false,
						false
					],
					"cluster_members": [],
					"iam_roles": [],
					"master_password": true,
					"master_user_secret": [],
					"restore_to_point_in_time": [],
					"s3_import": [],
					"scaling_configuration": [],
					"serverlessv2_scaling_configuration": [],
					"tags_all": {},
					"vpc_security_group_ids": []
				}
			}
		},
		{
			"address": "aws_sns_topic.default",
			"mode": "managed",
			"type": "aws_sns_topic",
			"name": "default",
			"provider_name": "registry.terraform.io/hashicorp/aws",
			"change": {
				"actions": [
					"create"
				],
				"before": null,
				"after": {
					"application_failure_feedback_role_arn": null,
					"application_success_feedback_role_arn": null,
					"application_success_feedback_sample_rate": null,
					"archive_policy": null,
					"content_based_deduplication": false,
					"delivery_policy": null,
					"display_name": null,
					"fifo_topic": false,
					"firehose_failure_feedback_role_arn": null,
					"firehose_success_feedback_role_arn": null,
					"firehose_success_feedback_sample_rate": null,
					"http_failure_feedback_role_arn": null,
					"http_success_feedback_role_arn": null,
					"http_success_feedback_sample_rate": null,
					"kms_master_key_id": null,
					"lambda_failure_feedback_role_arn": null,
					"lambda_success_feedback_role_arn": null,
					"lambda_success_feedback_sample_rate": null,
					"name": "rds-events",
					"sqs_failure_feedback_role_arn": null,
					"sqs_success_feedback_role_arn": null,
					"sqs_success_feedback_sample_rate": null,
					"tags": null
				},
				"after_unknown": {
					"arn": true,
					"beginning_archive_time": true,
					"id": true,
					"name_prefix": true,
					"owner": true,
					"policy": true,
					"signature_version": true,
					"tags_all": true,
					"tracing_config": true
				},
				"before_sensitive": false,
				"after_sensitive": {
					"tags_all": {}
				}
			}
		}
	],
	"complete": true,
	"configuration": {
		"provider_config": {
			"aws": {
				"name": "aws",
				"full_name": "registry.terraform.io/hashicorp/aws",
				"expressions": {
					"region": {
						"constant_value": "us-west-2"
					}
				}
			}
		},
		"root_module": {
			"resources": [
				{
					"address": "aws_db_event_subscription.default",
					"mode": "managed",
					"type": "aws_db_event_subscription",
					"name": "default",
					"provider_config_key": "aws",
					"expressions": {
						"event_categories": {
							"constant_value": [
								"availability",
								"deletion",
								"failover",
								"failure",
								"maintenance",
								"low storage",
								"notification",
								"read replica",
								"recovery",
								"restoration"
							]
						},
						"name": {
							"constant_value": "rds-event-sub"
						},
						"sns_topic": {
							"references": [
								"aws_sns_topic.default.arn",
								"aws_sns_topic.default"
							]
						},
						"source_ids": {
							"references": [
								"aws_rds_cluster.default.id",
								"aws_rds_cluster.default"
							]
						},
						"source_type": {
							"constant_value": "db-instance"
						}
					},
					"schema_version": 0
				},
				{
					"address": "aws_rds_cluster.default",
					"mode": "managed",
					"type": "aws_rds_cluster",
					"name": "default",
					"provider_config_key": "aws",
					"expressions": {
						"availability_zones": {
							"constant_value": [
								"us-west-2a",
								"us-west-2b",
								"us-west-2c"
							]
						},
						"backup_retention_period": {
							"constant_value": 5
						},
						"cluster_identifier": {
							"constant_value": "aurora-cluster-demo"
						},
						"database_name": {
							"constant_value": "mydb"
						},
						"engine": {
							"constant_value": "aurora-mysql"
						},
						"engine_version": {
							"constant_value": "5.7.mysql_aurora.2.03.2"
						},
						"master_password": {
							"constant_value": "must_be_eight_characters"
						},
						"master_username": {
							"constant_value": "foo"
						},
						"preferred_backup_window": {
							"constant_value": "07:00-09:00"
						}
					},
					"schema_version": 1
				},
				{
					"address": "aws_sns_topic.default",
					"mode": "managed",
					"type": "aws_sns_topic",
					"name": "default",
					"provider_config_key": "aws",
					"expressions": {
						"name": {
							"constant_value": "rds-events"
						}
					},
					"schema_version": 0
				}
			]
		}
	},
	"relevant_attributes": [
		{
			"resource": "aws_rds_cluster.default",
			"attribute": [
				"id"
			]
		},
		{
			"resource": "aws_sns_topic.default",
			"attribute": [
				"arn"
			]
		}
	],
	"timestamp": "2024-10-16T10:19:51Z"
}